
Microsoft Visual Studio Solution File, Format Version 12.00
# Visual Studio 14
VisualStudioVersion = 14.0.25420.1
MinimumVisualStudioVersion = 10.0.40219.1
Project("{FAE04EC0-301F-11D3-BF4B-00C04F79EFBC}") = "RestServiceCats", "RestServiceCats\RestServiceCats\RestServiceCats.csproj", "{FF2009EC-3D74-4E97-8960-1BC015E9AB16}"
EndProject
Project("{FAE04EC0-301F-11D3-BF4B-00C04F79EFBC}") = "RestServiceCats.Droid", "RestServiceCats\RestServiceCats.Droid\RestServiceCats.Droid.csproj", "{1BF1A348-8296-470C-A95C-92C5B2420323}"
EndProject
Project("{FAE04EC0-301F-11D3-BF4B-00C04F79EFBC}") = "RestServiceCats.iOS", "RestServiceCats\RestServiceCats.iOS\RestServiceCats.iOS.csproj", "{62D57A6C-24D6-45B3-9F5D-7820190A723B}"
EndProject
Project("{FAE04EC0-301F-11D3-BF4B-00C04F79EFBC}") = "RestServiceCats.WinPhone", "RestServiceCats\RestServiceCats.WinPhone\RestServiceCats.WinPhone.csproj", "{96366C66-C1DB-43D0-9BAB-5AEC0786A719}"
EndProject
Project("{FAE04EC0-301F-11D3-BF4B-00C04F79EFBC}") = "RestServiceCats.UWP", "RestServiceCats\RestServiceCats.UWP\RestServiceCats.UWP.csproj", "{AA7AA7A7-4602-435A-A26D-4FE2B853AEDD}"
EndProject
Project("{FAE04EC0-301F-11D3-BF4B-00C04F79EFBC}") = "RestServiceCats.Windows", "RestServiceCats\RestServiceCats.Windows\RestServiceCats.Windows.csproj", "{8553C71A-2D54-442A-B45C-ABD6D2E94F9B}"
EndProject
Global
	GlobalSection(SolutionConfigurationPlatforms) = preSolution
		Ad-Hoc|Any CPU = Ad-Hoc|Any CPU
		Ad-Hoc|ARM = Ad-Hoc|ARM
		Ad-Hoc|iPhone = Ad-Hoc|iPhone
		Ad-Hoc|iPhoneSimulator = Ad-Hoc|iPhoneSimulator
		Ad-Hoc|x64 = Ad-Hoc|x64
		Ad-Hoc|x86 = Ad-Hoc|x86
		AppStore|Any CPU = AppStore|Any CPU
		AppStore|ARM = AppStore|ARM
		AppStore|iPhone = AppStore|iPhone
		AppStore|iPhoneSimulator = AppStore|iPhoneSimulator
		AppStore|x64 = AppStore|x64
		AppStore|x86 = AppStore|x86
		Debug|Any CPU = Debug|Any CPU
		Debug|ARM = Debug|ARM
		Debug|iPhone = Debug|iPhone
		Debug|iPhoneSimulator = Debug|iPhoneSimulator
		Debug|x64 = Debug|x64
		Debug|x86 = Debug|x86
		Release|Any CPU = Release|Any CPU
		Release|ARM = Release|ARM
		Release|iPhone = Release|iPhone
		Release|iPhoneSimulator = Release|iPhoneSimulator
		Release|x64 = Release|x64
		Release|x86 = Release|x86
	EndGlobalSection
	GlobalSection(ProjectConfigurationPlatforms) = postSolution
		{FF2009EC-3D74-4E97-8960-1BC015E9AB16}.Ad-Hoc|Any CPU.ActiveCfg = Release|Any CPU
		{FF2009EC-3D74-4E97-8960-1BC015E9AB16}.Ad-Hoc|Any CPU.Build.0 = Release|Any CPU
		{FF2009EC-3D74-4E97-8960-1BC015E9AB16}.Ad-Hoc|ARM.ActiveCfg = Release|Any CPU
		{FF2009EC-3D74-4E97-8960-1BC015E9AB16}.Ad-Hoc|ARM.Build.0 = Release|Any CPU
		{FF2009EC-3D74-4E97-8960-1BC015E9AB16}.Ad-Hoc|iPhone.ActiveCfg = Release|Any CPU
		{FF2009EC-3D74-4E97-8960-1BC015E9AB16}.Ad-Hoc|iPhone.Build.0 = Release|Any CPU
		{FF2009EC-3D74-4E97-8960-1BC015E9AB16}.Ad-Hoc|iPhoneSimulator.ActiveCfg = Release|Any CPU
		{FF2009EC-3D74-4E97-8960-1BC015E9AB16}.Ad-Hoc|iPhoneSimulator.Build.0 = Release|Any CPU
		{FF2009EC-3D74-4E97-8960-1BC015E9AB16}.Ad-Hoc|x64.ActiveCfg = Release|Any CPU
		{FF2009EC-3D74-4E97-8960-1BC015E9AB16}.Ad-Hoc|x64.Build.0 = Release|Any CPU
		{FF2009EC-3D74-4E97-8960-1BC015E9AB16}.Ad-Hoc|x86.ActiveCfg = Release|Any CPU
		{FF2009EC-3D74-4E97-8960-1BC015E9AB16}.Ad-Hoc|x86.Build.0 = Release|Any CPU
		{FF2009EC-3D74-4E97-8960-1BC015E9AB16}.AppStore|Any CPU.ActiveCfg = Release|Any CPU
		{FF2009EC-3D74-4E97-8960-1BC015E9AB16}.AppStore|Any CPU.Build.0 = Release|Any CPU
		{FF2009EC-3D74-4E97-8960-1BC015E9AB16}.AppStore|ARM.ActiveCfg = Release|Any CPU
		{FF2009EC-3D74-4E97-8960-1BC015E9AB16}.AppStore|ARM.Build.0 = Release|Any CPU
		{FF2009EC-3D74-4E97-8960-1BC015E9AB16}.AppStore|iPhone.ActiveCfg = Release|Any CPU
		{FF2009EC-3D74-4E97-8960-1BC015E9AB16}.AppStore|iPhone.Build.0 = Release|Any CPU
		{FF2009EC-3D74-4E97-8960-1BC015E9AB16}.AppStore|iPhoneSimulator.ActiveCfg = Release|Any CPU
		{FF2009EC-3D74-4E97-8960-1BC015E9AB16}.AppStore|iPhoneSimulator.Build.0 = Release|Any CPU
		{FF2009EC-3D74-4E97-8960-1BC015E9AB16}.AppStore|x64.ActiveCfg = Release|Any CPU
		{FF2009EC-3D74-4E97-8960-1BC015E9AB16}.AppStore|x64.Build.0 = Release|Any CPU
		{FF2009EC-3D74-4E97-8960-1BC015E9AB16}.AppStore|x86.ActiveCfg = Release|Any CPU
		{FF2009EC-3D74-4E97-8960-1BC015E9AB16}.AppStore|x86.Build.0 = Release|Any CPU
		{FF2009EC-3D74-4E97-8960-1BC015E9AB16}.Debug|Any CPU.ActiveCfg = Debug|Any CPU
		{FF2009EC-3D74-4E97-8960-1BC015E9AB16}.Debug|Any CPU.Build.0 = Debug|Any CPU
		{FF2009EC-3D74-4E97-8960-1BC015E9AB16}.Debug|ARM.ActiveCfg = Debug|Any CPU
		{FF2009EC-3D74-4E97-8960-1BC015E9AB16}.Debug|ARM.Build.0 = Debug|Any CPU
		{FF2009EC-3D74-4E97-8960-1BC015E9AB16}.Debug|iPhone.ActiveCfg = Debug|Any CPU
		{FF2009EC-3D74-4E97-8960-1BC015E9AB16}.Debug|iPhone.Build.0 = Debug|Any CPU
		{FF2009EC-3D74-4E97-8960-1BC015E9AB16}.Debug|iPhoneSimulator.ActiveCfg = Debug|Any CPU
		{FF2009EC-3D74-4E97-8960-1BC015E9AB16}.Debug|iPhoneSimulator.Build.0 = Debug|Any CPU
		{FF2009EC-3D74-4E97-8960-1BC015E9AB16}.Debug|x64.ActiveCfg = Debug|Any CPU
		{FF2009EC-3D74-4E97-8960-1BC015E9AB16}.Debug|x64.Build.0 = Debug|Any CPU
		{FF2009EC-3D74-4E97-8960-1BC015E9AB16}.Debug|x86.ActiveCfg = Debug|Any CPU
		{FF2009EC-3D74-4E97-8960-1BC015E9AB16}.Debug|x86.Build.0 = Debug|Any CPU
		{FF2009EC-3D74-4E97-8960-1BC015E9AB16}.Release|Any CPU.ActiveCfg = Release|Any CPU
		{FF2009EC-3D74-4E97-8960-1BC015E9AB16}.Release|Any CPU.Build.0 = Release|Any CPU
		{FF2009EC-3D74-4E97-8960-1BC015E9AB16}.Release|ARM.ActiveCfg = Release|Any CPU
		{FF2009EC-3D74-4E97-8960-1BC015E9AB16}.Release|ARM.Build.0 = Release|Any CPU
		{FF2009EC-3D74-4E97-8960-1BC015E9AB16}.Release|iPhone.ActiveCfg = Release|Any CPU
		{FF2009EC-3D74-4E97-8960-1BC015E9AB16}.Release|iPhone.Build.0 = Release|Any CPU
		{FF2009EC-3D74-4E97-8960-1BC015E9AB16}.Release|iPhoneSimulator.ActiveCfg = Release|Any CPU
		{FF2009EC-3D74-4E97-8960-1BC015E9AB16}.Release|iPhoneSimulator.Build.0 = Release|Any CPU
		{FF2009EC-3D74-4E97-8960-1BC015E9AB16}.Release|x64.ActiveCfg = Release|Any CPU
		{FF2009EC-3D74-4E97-8960-1BC015E9AB16}.Release|x64.Build.0 = Release|Any CPU
		{FF2009EC-3D74-4E97-8960-1BC015E9AB16}.Release|x86.ActiveCfg = Release|Any CPU
		{FF2009EC-3D74-4E97-8960-1BC015E9AB16}.Release|x86.Build.0 = Release|Any CPU
		{1BF1A348-8296-470C-A95C-92C5B2420323}.Ad-Hoc|Any CPU.ActiveCfg = Release|Any CPU
		{1BF1A348-8296-470C-A95C-92C5B2420323}.Ad-Hoc|Any CPU.Build.0 = Release|Any CPU
		{1BF1A348-8296-470C-A95C-92C5B2420323}.Ad-Hoc|Any CPU.Deploy.0 = Release|Any CPU
		{1BF1A348-8296-470C-A95C-92C5B2420323}.Ad-Hoc|ARM.ActiveCfg = Release|Any CPU
		{1BF1A348-8296-470C-A95C-92C5B2420323}.Ad-Hoc|ARM.Build.0 = Release|Any CPU
		{1BF1A348-8296-470C-A95C-92C5B2420323}.Ad-Hoc|ARM.Deploy.0 = Release|Any CPU
		{1BF1A348-8296-470C-A95C-92C5B2420323}.Ad-Hoc|iPhone.ActiveCfg = Release|Any CPU
		{1BF1A348-8296-470C-A95C-92C5B2420323}.Ad-Hoc|iPhone.Build.0 = Release|Any CPU
		{1BF1A348-8296-470C-A95C-92C5B2420323}.Ad-Hoc|iPhone.Deploy.0 = Release|Any CPU
		{1BF1A348-8296-470C-A95C-92C5B2420323}.Ad-Hoc|iPhoneSimulator.ActiveCfg = Release|Any CPU
		{1BF1A348-8296-470C-A95C-92C5B2420323}.Ad-Hoc|iPhoneSimulator.Build.0 = Release|Any CPU
		{1BF1A348-8296-470C-A95C-92C5B2420323}.Ad-Hoc|iPhoneSimulator.Deploy.0 = Release|Any CPU
		{1BF1A348-8296-470C-A95C-92C5B2420323}.Ad-Hoc|x64.ActiveCfg = Release|Any CPU
		{1BF1A348-8296-470C-A95C-92C5B2420323}.Ad-Hoc|x64.Build.0 = Release|Any CPU
		{1BF1A348-8296-470C-A95C-92C5B2420323}.Ad-Hoc|x64.Deploy.0 = Release|Any CPU
		{1BF1A348-8296-470C-A95C-92C5B2420323}.Ad-Hoc|x86.ActiveCfg = Release|Any CPU
		{1BF1A348-8296-470C-A95C-92C5B2420323}.Ad-Hoc|x86.Build.0 = Release|Any CPU
		{1BF1A348-8296-470C-A95C-92C5B2420323}.Ad-Hoc|x86.Deploy.0 = Release|Any CPU
		{1BF1A348-8296-470C-A95C-92C5B2420323}.AppStore|Any CPU.ActiveCfg = Release|Any CPU
		{1BF1A348-8296-470C-A95C-92C5B2420323}.AppStore|Any CPU.Build.0 = Release|Any CPU
		{1BF1A348-8296-470C-A95C-92C5B2420323}.AppStore|Any CPU.Deploy.0 = Release|Any CPU
		{1BF1A348-8296-470C-A95C-92C5B2420323}.AppStore|ARM.ActiveCfg = Release|Any CPU
		{1BF1A348-8296-470C-A95C-92C5B2420323}.AppStore|ARM.Build.0 = Release|Any CPU
		{1BF1A348-8296-470C-A95C-92C5B2420323}.AppStore|ARM.Deploy.0 = Release|Any CPU
		{1BF1A348-8296-470C-A95C-92C5B2420323}.AppStore|iPhone.ActiveCfg = Release|Any CPU
		{1BF1A348-8296-470C-A95C-92C5B2420323}.AppStore|iPhone.Build.0 = Release|Any CPU
		{1BF1A348-8296-470C-A95C-92C5B2420323}.AppStore|iPhone.Deploy.0 = Release|Any CPU
		{1BF1A348-8296-470C-A95C-92C5B2420323}.AppStore|iPhoneSimulator.ActiveCfg = Release|Any CPU
		{1BF1A348-8296-470C-A95C-92C5B2420323}.AppStore|iPhoneSimulator.Build.0 = Release|Any CPU
		{1BF1A348-8296-470C-A95C-92C5B2420323}.AppStore|iPhoneSimulator.Deploy.0 = Release|Any CPU
		{1BF1A348-8296-470C-A95C-92C5B2420323}.AppStore|x64.ActiveCfg = Release|Any CPU
		{1BF1A348-8296-470C-A95C-92C5B2420323}.AppStore|x64.Build.0 = Release|Any CPU
		{1BF1A348-8296-470C-A95C-92C5B2420323}.AppStore|x64.Deploy.0 = Release|Any CPU
		{1BF1A348-8296-470C-A95C-92C5B2420323}.AppStore|x86.ActiveCfg = Release|Any CPU
		{1BF1A348-8296-470C-A95C-92C5B2420323}.AppStore|x86.Build.0 = Release|Any CPU
		{1BF1A348-8296-470C-A95C-92C5B2420323}.AppStore|x86.Deploy.0 = Release|Any CPU
		{1BF1A348-8296-470C-A95C-92C5B2420323}.Debug|Any CPU.ActiveCfg = Debug|Any CPU
		{1BF1A348-8296-470C-A95C-92C5B2420323}.Debug|Any CPU.Build.0 = Debug|Any CPU
		{1BF1A348-8296-470C-A95C-92C5B2420323}.Debug|Any CPU.Deploy.0 = Debug|Any CPU
		{1BF1A348-8296-470C-A95C-92C5B2420323}.Debug|ARM.ActiveCfg = Debug|Any CPU
		{1BF1A348-8296-470C-A95C-92C5B2420323}.Debug|ARM.Build.0 = Debug|Any CPU
		{1BF1A348-8296-470C-A95C-92C5B2420323}.Debug|ARM.Deploy.0 = Debug|Any CPU
		{1BF1A348-8296-470C-A95C-92C5B2420323}.Debug|iPhone.ActiveCfg = Debug|Any CPU
		{1BF1A348-8296-470C-A95C-92C5B2420323}.Debug|iPhone.Build.0 = Debug|Any CPU
		{1BF1A348-8296-470C-A95C-92C5B2420323}.Debug|iPhone.Deploy.0 = Debug|Any CPU
		{1BF1A348-8296-470C-A95C-92C5B2420323}.Debug|iPhoneSimulator.ActiveCfg = Debug|Any CPU
		{1BF1A348-8296-470C-A95C-92C5B2420323}.Debug|iPhoneSimulator.Build.0 = Debug|Any CPU
		{1BF1A348-8296-470C-A95C-92C5B2420323}.Debug|iPhoneSimulator.Deploy.0 = Debug|Any CPU
		{1BF1A348-8296-470C-A95C-92C5B2420323}.Debug|x64.ActiveCfg = Debug|Any CPU
		{1BF1A348-8296-470C-A95C-92C5B2420323}.Debug|x64.Build.0 = Debug|Any CPU
		{1BF1A348-8296-470C-A95C-92C5B2420323}.Debug|x64.Deploy.0 = Debug|Any CPU
		{1BF1A348-8296-470C-A95C-92C5B2420323}.Debug|x86.ActiveCfg = Debug|Any CPU
		{1BF1A348-8296-470C-A95C-92C5B2420323}.Debug|x86.Build.0 = Debug|Any CPU
		{1BF1A348-8296-470C-A95C-92C5B2420323}.Debug|x86.Deploy.0 = Debug|Any CPU
		{1BF1A348-8296-470C-A95C-92C5B2420323}.Release|Any CPU.ActiveCfg = Release|Any CPU
		{1BF1A348-8296-470C-A95C-92C5B2420323}.Release|Any CPU.Build.0 = Release|Any CPU
		{1BF1A348-8296-470C-A95C-92C5B2420323}.Release|Any CPU.Deploy.0 = Release|Any CPU
		{1BF1A348-8296-470C-A95C-92C5B2420323}.Release|ARM.ActiveCfg = Release|Any CPU
		{1BF1A348-8296-470C-A95C-92C5B2420323}.Release|ARM.Build.0 = Release|Any CPU
		{1BF1A348-8296-470C-A95C-92C5B2420323}.Release|ARM.Deploy.0 = Release|Any CPU
		{1BF1A348-8296-470C-A95C-92C5B2420323}.Release|iPhone.ActiveCfg = Release|Any CPU
		{1BF1A348-8296-470C-A95C-92C5B2420323}.Release|iPhone.Build.0 = Release|Any CPU
		{1BF1A348-8296-470C-A95C-92C5B2420323}.Release|iPhone.Deploy.0 = Release|Any CPU
		{1BF1A348-8296-470C-A95C-92C5B2420323}.Release|iPhoneSimulator.ActiveCfg = Release|Any CPU
		{1BF1A348-8296-470C-A95C-92C5B2420323}.Release|iPhoneSimulator.Build.0 = Release|Any CPU
		{1BF1A348-8296-470C-A95C-92C5B2420323}.Release|iPhoneSimulator.Deploy.0 = Release|Any CPU
		{1BF1A348-8296-470C-A95C-92C5B2420323}.Release|x64.ActiveCfg = Release|Any CPU
		{1BF1A348-8296-470C-A95C-92C5B2420323}.Release|x64.Build.0 = Release|Any CPU
		{1BF1A348-8296-470C-A95C-92C5B2420323}.Release|x64.Deploy.0 = Release|Any CPU
		{1BF1A348-8296-470C-A95C-92C5B2420323}.Release|x86.ActiveCfg = Release|Any CPU
		{1BF1A348-8296-470C-A95C-92C5B2420323}.Release|x86.Build.0 = Release|Any CPU
		{1BF1A348-8296-470C-A95C-92C5B2420323}.Release|x86.Deploy.0 = Release|Any CPU
		{62D57A6C-24D6-45B3-9F5D-7820190A723B}.Ad-Hoc|Any CPU.ActiveCfg = Ad-Hoc|iPhone
		{62D57A6C-24D6-45B3-9F5D-7820190A723B}.Ad-Hoc|ARM.ActiveCfg = Ad-Hoc|iPhone
		{62D57A6C-24D6-45B3-9F5D-7820190A723B}.Ad-Hoc|iPhone.ActiveCfg = Ad-Hoc|iPhone
		{62D57A6C-24D6-45B3-9F5D-7820190A723B}.Ad-Hoc|iPhone.Build.0 = Ad-Hoc|iPhone
		{62D57A6C-24D6-45B3-9F5D-7820190A723B}.Ad-Hoc|iPhoneSimulator.ActiveCfg = Ad-Hoc|iPhoneSimulator
		{62D57A6C-24D6-45B3-9F5D-7820190A723B}.Ad-Hoc|iPhoneSimulator.Build.0 = Ad-Hoc|iPhoneSimulator
		{62D57A6C-24D6-45B3-9F5D-7820190A723B}.Ad-Hoc|x64.ActiveCfg = Ad-Hoc|iPhone
		{62D57A6C-24D6-45B3-9F5D-7820190A723B}.Ad-Hoc|x86.ActiveCfg = Ad-Hoc|iPhone
		{62D57A6C-24D6-45B3-9F5D-7820190A723B}.AppStore|Any CPU.ActiveCfg = AppStore|iPhone
		{62D57A6C-24D6-45B3-9F5D-7820190A723B}.AppStore|ARM.ActiveCfg = AppStore|iPhone
		{62D57A6C-24D6-45B3-9F5D-7820190A723B}.AppStore|iPhone.ActiveCfg = AppStore|iPhone
		{62D57A6C-24D6-45B3-9F5D-7820190A723B}.AppStore|iPhone.Build.0 = AppStore|iPhone
		{62D57A6C-24D6-45B3-9F5D-7820190A723B}.AppStore|iPhoneSimulator.ActiveCfg = AppStore|iPhoneSimulator
		{62D57A6C-24D6-45B3-9F5D-7820190A723B}.AppStore|iPhoneSimulator.Build.0 = AppStore|iPhoneSimulator
		{62D57A6C-24D6-45B3-9F5D-7820190A723B}.AppStore|x64.ActiveCfg = AppStore|iPhone
		{62D57A6C-24D6-45B3-9F5D-7820190A723B}.AppStore|x86.ActiveCfg = AppStore|iPhone
		{62D57A6C-24D6-45B3-9F5D-7820190A723B}.Debug|Any CPU.ActiveCfg = Debug|iPhone
		{62D57A6C-24D6-45B3-9F5D-7820190A723B}.Debug|ARM.ActiveCfg = Debug|iPhone
		{62D57A6C-24D6-45B3-9F5D-7820190A723B}.Debug|iPhone.ActiveCfg = Debug|iPhone
		{62D57A6C-24D6-45B3-9F5D-7820190A723B}.Debug|iPhone.Build.0 = Debug|iPhone
		{62D57A6C-24D6-45B3-9F5D-7820190A723B}.Debug|iPhoneSimulator.ActiveCfg = Debug|iPhoneSimulator
		{62D57A6C-24D6-45B3-9F5D-7820190A723B}.Debug|iPhoneSimulator.Build.0 = Debug|iPhoneSimulator
		{62D57A6C-24D6-45B3-9F5D-7820190A723B}.Debug|x64.ActiveCfg = Debug|iPhone
		{62D57A6C-24D6-45B3-9F5D-7820190A723B}.Debug|x86.ActiveCfg = Debug|iPhone
		{62D57A6C-24D6-45B3-9F5D-7820190A723B}.Release|Any CPU.ActiveCfg = Release|iPhone
		{62D57A6C-24D6-45B3-9F5D-7820190A723B}.Release|ARM.ActiveCfg = Release|iPhone
		{62D57A6C-24D6-45B3-9F5D-7820190A723B}.Release|iPhone.ActiveCfg = Release|iPhone
		{62D57A6C-24D6-45B3-9F5D-7820190A723B}.Release|iPhone.Build.0 = Release|iPhone
		{62D57A6C-24D6-45B3-9F5D-7820190A723B}.Release|iPhoneSimulator.ActiveCfg = Release|iPhoneSimulator
		{62D57A6C-24D6-45B3-9F5D-7820190A723B}.Release|iPhoneSimulator.Build.0 = Release|iPhoneSimulator
		{62D57A6C-24D6-45B3-9F5D-7820190A723B}.Release|x64.ActiveCfg = Release|iPhone
		{62D57A6C-24D6-45B3-9F5D-7820190A723B}.Release|x86.ActiveCfg = Release|iPhone
		{96366C66-C1DB-43D0-9BAB-5AEC0786A719}.Ad-Hoc|Any CPU.ActiveCfg = Release|Any CPU
		{96366C66-C1DB-43D0-9BAB-5AEC0786A719}.Ad-Hoc|Any CPU.Build.0 = Release|Any CPU
		{96366C66-C1DB-43D0-9BAB-5AEC0786A719}.Ad-Hoc|Any CPU.Deploy.0 = Release|Any CPU
		{96366C66-C1DB-43D0-9BAB-5AEC0786A719}.Ad-Hoc|ARM.ActiveCfg = Release|ARM
		{96366C66-C1DB-43D0-9BAB-5AEC0786A719}.Ad-Hoc|ARM.Build.0 = Release|ARM
		{96366C66-C1DB-43D0-9BAB-5AEC0786A719}.Ad-Hoc|ARM.Deploy.0 = Release|ARM
		{96366C66-C1DB-43D0-9BAB-5AEC0786A719}.Ad-Hoc|iPhone.ActiveCfg = Release|Any CPU
		{96366C66-C1DB-43D0-9BAB-5AEC0786A719}.Ad-Hoc|iPhone.Build.0 = Release|Any CPU
		{96366C66-C1DB-43D0-9BAB-5AEC0786A719}.Ad-Hoc|iPhone.Deploy.0 = Release|Any CPU
		{96366C66-C1DB-43D0-9BAB-5AEC0786A719}.Ad-Hoc|iPhoneSimulator.ActiveCfg = Release|Any CPU
		{96366C66-C1DB-43D0-9BAB-5AEC0786A719}.Ad-Hoc|iPhoneSimulator.Build.0 = Release|Any CPU
		{96366C66-C1DB-43D0-9BAB-5AEC0786A719}.Ad-Hoc|iPhoneSimulator.Deploy.0 = Release|Any CPU
		{96366C66-C1DB-43D0-9BAB-5AEC0786A719}.Ad-Hoc|x64.ActiveCfg = Release|Any CPU
		{96366C66-C1DB-43D0-9BAB-5AEC0786A719}.Ad-Hoc|x64.Build.0 = Release|Any CPU
		{96366C66-C1DB-43D0-9BAB-5AEC0786A719}.Ad-Hoc|x64.Deploy.0 = Release|Any CPU
		{96366C66-C1DB-43D0-9BAB-5AEC0786A719}.Ad-Hoc|x86.ActiveCfg = Release|x86
		{96366C66-C1DB-43D0-9BAB-5AEC0786A719}.Ad-Hoc|x86.Build.0 = Release|x86
		{96366C66-C1DB-43D0-9BAB-5AEC0786A719}.Ad-Hoc|x86.Deploy.0 = Release|x86
		{96366C66-C1DB-43D0-9BAB-5AEC0786A719}.AppStore|Any CPU.ActiveCfg = Release|Any CPU
		{96366C66-C1DB-43D0-9BAB-5AEC0786A719}.AppStore|Any CPU.Build.0 = Release|Any CPU
		{96366C66-C1DB-43D0-9BAB-5AEC0786A719}.AppStore|Any CPU.Deploy.0 = Release|Any CPU
		{96366C66-C1DB-43D0-9BAB-5AEC0786A719}.AppStore|ARM.ActiveCfg = Release|ARM
		{96366C66-C1DB-43D0-9BAB-5AEC0786A719}.AppStore|ARM.Build.0 = Release|ARM
		{96366C66-C1DB-43D0-9BAB-5AEC0786A719}.AppStore|ARM.Deploy.0 = Release|ARM
		{96366C66-C1DB-43D0-9BAB-5AEC0786A719}.AppStore|iPhone.ActiveCfg = Release|Any CPU
		{96366C66-C1DB-43D0-9BAB-5AEC0786A719}.AppStore|iPhone.Build.0 = Release|Any CPU
		{96366C66-C1DB-43D0-9BAB-5AEC0786A719}.AppStore|iPhone.Deploy.0 = Release|Any CPU
		{96366C66-C1DB-43D0-9BAB-5AEC0786A719}.AppStore|iPhoneSimulator.ActiveCfg = Release|Any CPU
		{96366C66-C1DB-43D0-9BAB-5AEC0786A719}.AppStore|iPhoneSimulator.Build.0 = Release|Any CPU
		{96366C66-C1DB-43D0-9BAB-5AEC0786A719}.AppStore|iPhoneSimulator.Deploy.0 = Release|Any CPU
		{96366C66-C1DB-43D0-9BAB-5AEC0786A719}.AppStore|x64.ActiveCfg = Release|Any CPU
		{96366C66-C1DB-43D0-9BAB-5AEC0786A719}.AppStore|x64.Build.0 = Release|Any CPU
		{96366C66-C1DB-43D0-9BAB-5AEC0786A719}.AppStore|x64.Deploy.0 = Release|Any CPU
		{96366C66-C1DB-43D0-9BAB-5AEC0786A719}.AppStore|x86.ActiveCfg = Release|x86
		{96366C66-C1DB-43D0-9BAB-5AEC0786A719}.AppStore|x86.Build.0 = Release|x86
		{96366C66-C1DB-43D0-9BAB-5AEC0786A719}.AppStore|x86.Deploy.0 = Release|x86
		{96366C66-C1DB-43D0-9BAB-5AEC0786A719}.Debug|Any CPU.ActiveCfg = Debug|Any CPU
		{96366C66-C1DB-43D0-9BAB-5AEC0786A719}.Debug|Any CPU.Build.0 = Debug|Any CPU
		{96366C66-C1DB-43D0-9BAB-5AEC0786A719}.Debug|Any CPU.Deploy.0 = Debug|Any CPU
		{96366C66-C1DB-43D0-9BAB-5AEC0786A719}.Debug|ARM.ActiveCfg = Debug|ARM
		{96366C66-C1DB-43D0-9BAB-5AEC0786A719}.Debug|ARM.Build.0 = Debug|ARM
		{96366C66-C1DB-43D0-9BAB-5AEC0786A719}.Debug|ARM.Deploy.0 = Debug|ARM
		{96366C66-C1DB-43D0-9BAB-5AEC0786A719}.Debug|iPhone.ActiveCfg = Debug|Any CPU
		{96366C66-C1DB-43D0-9BAB-5AEC0786A719}.Debug|iPhone.Build.0 = Debug|Any CPU
		{96366C66-C1DB-43D0-9BAB-5AEC0786A719}.Debug|iPhone.Deploy.0 = Debug|Any CPU
		{96366C66-C1DB-43D0-9BAB-5AEC0786A719}.Debug|iPhoneSimulator.ActiveCfg = Debug|Any CPU
		{96366C66-C1DB-43D0-9BAB-5AEC0786A719}.Debug|iPhoneSimulator.Build.0 = Debug|Any CPU
		{96366C66-C1DB-43D0-9BAB-5AEC0786A719}.Debug|iPhoneSimulator.Deploy.0 = Debug|Any CPU
		{96366C66-C1DB-43D0-9BAB-5AEC0786A719}.Debug|x64.ActiveCfg = Debug|Any CPU
		{96366C66-C1DB-43D0-9BAB-5AEC0786A719}.Debug|x64.Build.0 = Debug|Any CPU
		{96366C66-C1DB-43D0-9BAB-5AEC0786A719}.Debug|x64.Deploy.0 = Debug|Any CPU
		{96366C66-C1DB-43D0-9BAB-5AEC0786A719}.Debug|x86.ActiveCfg = Debug|x86
		{96366C66-C1DB-43D0-9BAB-5AEC0786A719}.Debug|x86.Build.0 = Debug|x86
		{96366C66-C1DB-43D0-9BAB-5AEC0786A719}.Debug|x86.Deploy.0 = Debug|x86
		{96366C66-C1DB-43D0-9BAB-5AEC0786A719}.Release|Any CPU.ActiveCfg = Release|Any CPU
		{96366C66-C1DB-43D0-9BAB-5AEC0786A719}.Release|Any CPU.Build.0 = Release|Any CPU
		{96366C66-C1DB-43D0-9BAB-5AEC0786A719}.Release|Any CPU.Deploy.0 = Release|Any CPU
		{96366C66-C1DB-43D0-9BAB-5AEC0786A719}.Release|ARM.ActiveCfg = Release|ARM
		{96366C66-C1DB-43D0-9BAB-5AEC0786A719}.Release|ARM.Build.0 = Release|ARM
		{96366C66-C1DB-43D0-9BAB-5AEC0786A719}.Release|ARM.Deploy.0 = Release|ARM
		{96366C66-C1DB-43D0-9BAB-5AEC0786A719}.Release|iPhone.ActiveCfg = Release|Any CPU
		{96366C66-C1DB-43D0-9BAB-5AEC0786A719}.Release|iPhone.Build.0 = Release|Any CPU
		{96366C66-C1DB-43D0-9BAB-5AEC0786A719}.Release|iPhone.Deploy.0 = Release|Any CPU
		{96366C66-C1DB-43D0-9BAB-5AEC0786A719}.Release|iPhoneSimulator.ActiveCfg = Release|Any CPU
		{96366C66-C1DB-43D0-9BAB-5AEC0786A719}.Release|iPhoneSimulator.Build.0 = Release|Any CPU
		{96366C66-C1DB-43D0-9BAB-5AEC0786A719}.Release|iPhoneSimulator.Deploy.0 = Release|Any CPU
		{96366C66-C1DB-43D0-9BAB-5AEC0786A719}.Release|x64.ActiveCfg = Release|Any CPU
		{96366C66-C1DB-43D0-9BAB-5AEC0786A719}.Release|x64.Build.0 = Release|Any CPU
		{96366C66-C1DB-43D0-9BAB-5AEC0786A719}.Release|x64.Deploy.0 = Release|Any CPU
		{96366C66-C1DB-43D0-9BAB-5AEC0786A719}.Release|x86.ActiveCfg = Release|x86
		{96366C66-C1DB-43D0-9BAB-5AEC0786A719}.Release|x86.Build.0 = Release|x86
		{96366C66-C1DB-43D0-9BAB-5AEC0786A719}.Release|x86.Deploy.0 = Release|x86
		{AA7AA7A7-4602-435A-A26D-4FE2B853AEDD}.Ad-Hoc|Any CPU.ActiveCfg = Release|x86
		{AA7AA7A7-4602-435A-A26D-4FE2B853AEDD}.Ad-Hoc|Any CPU.Build.0 = Release|x86
		{AA7AA7A7-4602-435A-A26D-4FE2B853AEDD}.Ad-Hoc|Any CPU.Deploy.0 = Release|x86
		{AA7AA7A7-4602-435A-A26D-4FE2B853AEDD}.Ad-Hoc|ARM.ActiveCfg = Release|ARM
		{AA7AA7A7-4602-435A-A26D-4FE2B853AEDD}.Ad-Hoc|ARM.Build.0 = Release|ARM
		{AA7AA7A7-4602-435A-A26D-4FE2B853AEDD}.Ad-Hoc|ARM.Deploy.0 = Release|ARM
		{AA7AA7A7-4602-435A-A26D-4FE2B853AEDD}.Ad-Hoc|iPhone.ActiveCfg = Release|x86
		{AA7AA7A7-4602-435A-A26D-4FE2B853AEDD}.Ad-Hoc|iPhone.Build.0 = Release|x86
		{AA7AA7A7-4602-435A-A26D-4FE2B853AEDD}.Ad-Hoc|iPhone.Deploy.0 = Release|x86
		{AA7AA7A7-4602-435A-A26D-4FE2B853AEDD}.Ad-Hoc|iPhoneSimulator.ActiveCfg = Release|x86
		{AA7AA7A7-4602-435A-A26D-4FE2B853AEDD}.Ad-Hoc|iPhoneSimulator.Build.0 = Release|x86
		{AA7AA7A7-4602-435A-A26D-4FE2B853AEDD}.Ad-Hoc|iPhoneSimulator.Deploy.0 = Release|x86
		{AA7AA7A7-4602-435A-A26D-4FE2B853AEDD}.Ad-Hoc|x64.ActiveCfg = Release|x64
		{AA7AA7A7-4602-435A-A26D-4FE2B853AEDD}.Ad-Hoc|x64.Build.0 = Release|x64
		{AA7AA7A7-4602-435A-A26D-4FE2B853AEDD}.Ad-Hoc|x64.Deploy.0 = Release|x64
		{AA7AA7A7-4602-435A-A26D-4FE2B853AEDD}.Ad-Hoc|x86.ActiveCfg = Release|x86
		{AA7AA7A7-4602-435A-A26D-4FE2B853AEDD}.Ad-Hoc|x86.Build.0 = Release|x86
		{AA7AA7A7-4602-435A-A26D-4FE2B853AEDD}.Ad-Hoc|x86.Deploy.0 = Release|x86
		{AA7AA7A7-4602-435A-A26D-4FE2B853AEDD}.AppStore|Any CPU.ActiveCfg = Release|x86
		{AA7AA7A7-4602-435A-A26D-4FE2B853AEDD}.AppStore|Any CPU.Build.0 = Release|x86
		{AA7AA7A7-4602-435A-A26D-4FE2B853AEDD}.AppStore|Any CPU.Deploy.0 = Release|x86
		{AA7AA7A7-4602-435A-A26D-4FE2B853AEDD}.AppStore|ARM.ActiveCfg = Release|ARM
		{AA7AA7A7-4602-435A-A26D-4FE2B853AEDD}.AppStore|ARM.Build.0 = Release|ARM
		{AA7AA7A7-4602-435A-A26D-4FE2B853AEDD}.AppStore|ARM.Deploy.0 = Release|ARM
		{AA7AA7A7-4602-435A-A26D-4FE2B853AEDD}.AppStore|iPhone.ActiveCfg = Release|x86
		{AA7AA7A7-4602-435A-A26D-4FE2B853AEDD}.AppStore|iPhone.Build.0 = Release|x86
		{AA7AA7A7-4602-435A-A26D-4FE2B853AEDD}.AppStore|iPhone.Deploy.0 = Release|x86
		{AA7AA7A7-4602-435A-A26D-4FE2B853AEDD}.AppStore|iPhoneSimulator.ActiveCfg = Release|x86
		{AA7AA7A7-4602-435A-A26D-4FE2B853AEDD}.AppStore|iPhoneSimulator.Build.0 = Release|x86
		{AA7AA7A7-4602-435A-A26D-4FE2B853AEDD}.AppStore|iPhoneSimulator.Deploy.0 = Release|x86
		{AA7AA7A7-4602-435A-A26D-4FE2B853AEDD}.AppStore|x64.ActiveCfg = Release|x64
		{AA7AA7A7-4602-435A-A26D-4FE2B853AEDD}.AppStore|x64.Build.0 = Release|x64
		{AA7AA7A7-4602-435A-A26D-4FE2B853AEDD}.AppStore|x64.Deploy.0 = Release|x64
		{AA7AA7A7-4602-435A-A26D-4FE2B853AEDD}.AppStore|x86.ActiveCfg = Release|x86
		{AA7AA7A7-4602-435A-A26D-4FE2B853AEDD}.AppStore|x86.Build.0 = Release|x86
		{AA7AA7A7-4602-435A-A26D-4FE2B853AEDD}.AppStore|x86.Deploy.0 = Release|x86
		{AA7AA7A7-4602-435A-A26D-4FE2B853AEDD}.Debug|Any CPU.ActiveCfg = Debug|x86
		{AA7AA7A7-4602-435A-A26D-4FE2B853AEDD}.Debug|Any CPU.Build.0 = Debug|x86
		{AA7AA7A7-4602-435A-A26D-4FE2B853AEDD}.Debug|Any CPU.Deploy.0 = Debug|x86
		{AA7AA7A7-4602-435A-A26D-4FE2B853AEDD}.Debug|ARM.ActiveCfg = Debug|ARM
		{AA7AA7A7-4602-435A-A26D-4FE2B853AEDD}.Debug|ARM.Build.0 = Debug|ARM
		{AA7AA7A7-4602-435A-A26D-4FE2B853AEDD}.Debug|ARM.Deploy.0 = Debug|ARM
		{AA7AA7A7-4602-435A-A26D-4FE2B853AEDD}.Debug|iPhone.ActiveCfg = Debug|x86
		{AA7AA7A7-4602-435A-A26D-4FE2B853AEDD}.Debug|iPhoneSimulator.ActiveCfg = Debug|x86
		{AA7AA7A7-4602-435A-A26D-4FE2B853AEDD}.Debug|x64.ActiveCfg = Debug|x64
		{AA7AA7A7-4602-435A-A26D-4FE2B853AEDD}.Debug|x64.Build.0 = Debug|x64
		{AA7AA7A7-4602-435A-A26D-4FE2B853AEDD}.Debug|x64.Deploy.0 = Debug|x64
		{AA7AA7A7-4602-435A-A26D-4FE2B853AEDD}.Debug|x86.ActiveCfg = Debug|x86
		{AA7AA7A7-4602-435A-A26D-4FE2B853AEDD}.Debug|x86.Build.0 = Debug|x86
		{AA7AA7A7-4602-435A-A26D-4FE2B853AEDD}.Debug|x86.Deploy.0 = Debug|x86
		{AA7AA7A7-4602-435A-A26D-4FE2B853AEDD}.Release|Any CPU.ActiveCfg = Release|x86
		{AA7AA7A7-4602-435A-A26D-4FE2B853AEDD}.Release|ARM.ActiveCfg = Release|ARM
		{AA7AA7A7-4602-435A-A26D-4FE2B853AEDD}.Release|ARM.Build.0 = Release|ARM
		{AA7AA7A7-4602-435A-A26D-4FE2B853AEDD}.Release|ARM.Deploy.0 = Release|ARM
		{AA7AA7A7-4602-435A-A26D-4FE2B853AEDD}.Release|iPhone.ActiveCfg = Release|x86
		{AA7AA7A7-4602-435A-A26D-4FE2B853AEDD}.Release|iPhoneSimulator.ActiveCfg = Release|x86
		{AA7AA7A7-4602-435A-A26D-4FE2B853AEDD}.Release|x64.ActiveCfg = Release|x64
		{AA7AA7A7-4602-435A-A26D-4FE2B853AEDD}.Release|x64.Build.0 = Release|x64
		{AA7AA7A7-4602-435A-A26D-4FE2B853AEDD}.Release|x64.Deploy.0 = Release|x64
		{AA7AA7A7-4602-435A-A26D-4FE2B853AEDD}.Release|x86.ActiveCfg = Release|x86
		{AA7AA7A7-4602-435A-A26D-4FE2B853AEDD}.Release|x86.Build.0 = Release|x86
		{AA7AA7A7-4602-435A-A26D-4FE2B853AEDD}.Release|x86.Deploy.0 = Release|x86
		{8553C71A-2D54-442A-B45C-ABD6D2E94F9B}.Ad-Hoc|Any CPU.ActiveCfg = Release|Any CPU
		{8553C71A-2D54-442A-B45C-ABD6D2E94F9B}.Ad-Hoc|Any CPU.Build.0 = Release|Any CPU
		{8553C71A-2D54-442A-B45C-ABD6D2E94F9B}.Ad-Hoc|Any CPU.Deploy.0 = Release|Any CPU
		{8553C71A-2D54-442A-B45C-ABD6D2E94F9B}.Ad-Hoc|ARM.ActiveCfg = Release|ARM
		{8553C71A-2D54-442A-B45C-ABD6D2E94F9B}.Ad-Hoc|ARM.Build.0 = Release|ARM
		{8553C71A-2D54-442A-B45C-ABD6D2E94F9B}.Ad-Hoc|ARM.Deploy.0 = Release|ARM
		{8553C71A-2D54-442A-B45C-ABD6D2E94F9B}.Ad-Hoc|iPhone.ActiveCfg = Release|Any CPU
		{8553C71A-2D54-442A-B45C-ABD6D2E94F9B}.Ad-Hoc|iPhone.Build.0 = Release|Any CPU
		{8553C71A-2D54-442A-B45C-ABD6D2E94F9B}.Ad-Hoc|iPhone.Deploy.0 = Release|Any CPU
		{8553C71A-2D54-442A-B45C-ABD6D2E94F9B}.Ad-Hoc|iPhoneSimulator.ActiveCfg = Release|Any CPU
		{8553C71A-2D54-442A-B45C-ABD6D2E94F9B}.Ad-Hoc|iPhoneSimulator.Build.0 = Release|Any CPU
		{8553C71A-2D54-442A-B45C-ABD6D2E94F9B}.Ad-Hoc|iPhoneSimulator.Deploy.0 = Release|Any CPU
		{8553C71A-2D54-442A-B45C-ABD6D2E94F9B}.Ad-Hoc|x64.ActiveCfg = Release|x64
		{8553C71A-2D54-442A-B45C-ABD6D2E94F9B}.Ad-Hoc|x64.Build.0 = Release|x64
		{8553C71A-2D54-442A-B45C-ABD6D2E94F9B}.Ad-Hoc|x64.Deploy.0 = Release|x64
		{8553C71A-2D54-442A-B45C-ABD6D2E94F9B}.Ad-Hoc|x86.ActiveCfg = Release|x86
		{8553C71A-2D54-442A-B45C-ABD6D2E94F9B}.Ad-Hoc|x86.Build.0 = Release|x86
		{8553C71A-2D54-442A-B45C-ABD6D2E94F9B}.Ad-Hoc|x86.Deploy.0 = Release|x86
		{8553C71A-2D54-442A-B45C-ABD6D2E94F9B}.AppStore|Any CPU.ActiveCfg = Release|Any CPU
		{8553C71A-2D54-442A-B45C-ABD6D2E94F9B}.AppStore|Any CPU.Build.0 = Release|Any CPU
		{8553C71A-2D54-442A-B45C-ABD6D2E94F9B}.AppStore|Any CPU.Deploy.0 = Release|Any CPU
		{8553C71A-2D54-442A-B45C-ABD6D2E94F9B}.AppStore|ARM.ActiveCfg = Release|ARM
		{8553C71A-2D54-442A-B45C-ABD6D2E94F9B}.AppStore|ARM.Build.0 = Release|ARM
		{8553C71A-2D54-442A-B45C-ABD6D2E94F9B}.AppStore|ARM.Deploy.0 = Release|ARM
		{8553C71A-2D54-442A-B45C-ABD6D2E94F9B}.AppStore|iPhone.ActiveCfg = Release|Any CPU
		{8553C71A-2D54-442A-B45C-ABD6D2E94F9B}.AppStore|iPhone.Build.0 = Release|Any CPU
		{8553C71A-2D54-442A-B45C-ABD6D2E94F9B}.AppStore|iPhone.Deploy.0 = Release|Any CPU
		{8553C71A-2D54-442A-B45C-ABD6D2E94F9B}.AppStore|iPhoneSimulator.ActiveCfg = Release|Any CPU
		{8553C71A-2D54-442A-B45C-ABD6D2E94F9B}.AppStore|iPhoneSimulator.Build.0 = Release|Any CPU
		{8553C71A-2D54-442A-B45C-ABD6D2E94F9B}.AppStore|iPhoneSimulator.Deploy.0 = Release|Any CPU
		{8553C71A-2D54-442A-B45C-ABD6D2E94F9B}.AppStore|x64.ActiveCfg = Release|x64
		{8553C71A-2D54-442A-B45C-ABD6D2E94F9B}.AppStore|x64.Build.0 = Release|x64
		{8553C71A-2D54-442A-B45C-ABD6D2E94F9B}.AppStore|x64.Deploy.0 = Release|x64
		{8553C71A-2D54-442A-B45C-ABD6D2E94F9B}.AppStore|x86.ActiveCfg = Release|x86
		{8553C71A-2D54-442A-B45C-ABD6D2E94F9B}.AppStore|x86.Build.0 = Release|x86
		{8553C71A-2D54-442A-B45C-ABD6D2E94F9B}.AppStore|x86.Deploy.0 = Release|x86
		{8553C71A-2D54-442A-B45C-ABD6D2E94F9B}.Debug|Any CPU.ActiveCfg = Debug|Any CPU
		{8553C71A-2D54-442A-B45C-ABD6D2E94F9B}.Debug|Any CPU.Build.0 = Debug|Any CPU
		{8553C71A-2D54-442A-B45C-ABD6D2E94F9B}.Debug|Any CPU.Deploy.0 = Debug|Any CPU
		{8553C71A-2D54-442A-B45C-ABD6D2E94F9B}.Debug|ARM.ActiveCfg = Debug|ARM
		{8553C71A-2D54-442A-B45C-ABD6D2E94F9B}.Debug|ARM.Build.0 = Debug|ARM
		{8553C71A-2D54-442A-B45C-ABD6D2E94F9B}.Debug|ARM.Deploy.0 = Debug|ARM
		{8553C71A-2D54-442A-B45C-ABD6D2E94F9B}.Debug|iPhone.ActiveCfg = Debug|Any CPU
		{8553C71A-2D54-442A-B45C-ABD6D2E94F9B}.Debug|iPhone.Build.0 = Debug|Any CPU
		{8553C71A-2D54-442A-B45C-ABD6D2E94F9B}.Debug|iPhone.Deploy.0 = Debug|Any CPU
		{8553C71A-2D54-442A-B45C-ABD6D2E94F9B}.Debug|iPhoneSimulator.ActiveCfg = Debug|Any CPU
		{8553C71A-2D54-442A-B45C-ABD6D2E94F9B}.Debug|iPhoneSimulator.Build.0 = Debug|Any CPU
		{8553C71A-2D54-442A-B45C-ABD6D2E94F9B}.Debug|iPhoneSimulator.Deploy.0 = Debug|Any CPU
		{8553C71A-2D54-442A-B45C-ABD6D2E94F9B}.Debug|x64.ActiveCfg = Debug|x64
		{8553C71A-2D54-442A-B45C-ABD6D2E94F9B}.Debug|x64.Build.0 = Debug|x64
		{8553C71A-2D54-442A-B45C-ABD6D2E94F9B}.Debug|x64.Deploy.0 = Debug|x64
		{8553C71A-2D54-442A-B45C-ABD6D2E94F9B}.Debug|x86.ActiveCfg = Debug|x86
		{8553C71A-2D54-442A-B45C-ABD6D2E94F9B}.Debug|x86.Build.0 = Debug|x86
		{8553C71A-2D54-442A-B45C-ABD6D2E94F9B}.Debug|x86.Deploy.0 = Debug|x86
		{8553C71A-2D54-442A-B45C-ABD6D2E94F9B}.Release|Any CPU.ActiveCfg = Release|Any CPU
		{8553C71A-2D54-442A-B45C-ABD6D2E94F9B}.Release|Any CPU.Build.0 = Release|Any CPU
		{8553C71A-2D54-442A-B45C-ABD6D2E94F9B}.Release|Any CPU.Deploy.0 = Release|Any CPU
		{8553C71A-2D54-442A-B45C-ABD6D2E94F9B}.Release|ARM.ActiveCfg = Release|ARM
		{8553C71A-2D54-442A-B45C-ABD6D2E94F9B}.Release|ARM.Build.0 = Release|ARM
		{8553C71A-2D54-442A-B45C-ABD6D2E94F9B}.Release|ARM.Deploy.0 = Release|ARM
		{8553C71A-2D54-442A-B45C-ABD6D2E94F9B}.Release|iPhone.ActiveCfg = Release|Any CPU
		{8553C71A-2D54-442A-B45C-ABD6D2E94F9B}.Release|iPhone.Build.0 = Release|Any CPU
		{8553C71A-2D54-442A-B45C-ABD6D2E94F9B}.Release|iPhone.Deploy.0 = Release|Any CPU
		{8553C71A-2D54-442A-B45C-ABD6D2E94F9B}.Release|iPhoneSimulator.ActiveCfg = Release|Any CPU
		{8553C71A-2D54-442A-B45C-ABD6D2E94F9B}.Release|iPhoneSimulator.Build.0 = Release|Any CPU
		{8553C71A-2D54-442A-B45C-ABD6D2E94F9B}.Release|iPhoneSimulator.Deploy.0 = Release|Any CPU
		{8553C71A-2D54-442A-B45C-ABD6D2E94F9B}.Release|x64.ActiveCfg = Release|x64
		{8553C71A-2D54-442A-B45C-ABD6D2E94F9B}.Release|x64.Build.0 = Release|x64
		{8553C71A-2D54-442A-B45C-ABD6D2E94F9B}.Release|x64.Deploy.0 = Release|x64
		{8553C71A-2D54-442A-B45C-ABD6D2E94F9B}.Release|x86.ActiveCfg = Release|x86
		{8553C71A-2D54-442A-B45C-ABD6D2E94F9B}.Release|x86.Build.0 = Release|x86
		{8553C71A-2D54-442A-B45C-ABD6D2E94F9B}.Release|x86.Deploy.0 = Release|x86
	EndGlobalSection
	GlobalSection(SolutionProperties) = preSolution
		HideSolutionNode = FALSE
	EndGlobalSection
EndGlobal
